# THIS IS AN AUTOGENERATED FILE. DO NOT EDIT THIS FILE DIRECTLY.
# yarn lockfile v1


"@types/babel-types@*":
  version "7.0.5"
  resolved "https://registry.yarnpkg.com/@types/babel-types/-/babel-types-7.0.5.tgz#26f5bba8c58acd9b84d1a9135fb2789a1c191bc1"
  integrity sha512-0t0R7fKAXT/P++S98djRkXbL9Sxd9NNtfNg3BNw2EQOjVIkiMBdmO55N2Tp3wGK3mylmM7Vck9h5tEoSuSUabA==

"@types/babylon@6.16.5":
  version "6.16.5"
  resolved "https://registry.yarnpkg.com/@types/babylon/-/babylon-6.16.5.tgz#1c5641db69eb8cdf378edd25b4be7754beeb48b4"
  integrity sha512-xH2e58elpj1X4ynnKp9qSnWlsRTIs6n3tgLGNfwAGHwePw0mulHQllV34n0T25uYSu1k0hRKkWXF890B1yS47w==
  dependencies:
    "@types/babel-types" "*"

"@types/marked@0.6.3":
  version "0.6.3"
  resolved "https://registry.yarnpkg.com/@types/marked/-/marked-0.6.3.tgz#f23cba5b04178a48b6ec67a866b17da4da4a6f0b"
  integrity sha512-XEPk/AL0lR69XFGYng1R4a+vqDKLyeQSzgBZtAxHKpauaCx8eNSYCc6pBtYhx2rNyH15d1+vfeSjepcd3s1RLA==

"@types/node@11.9.4":
  version "11.9.4"
  resolved "https://registry.yarnpkg.com/@types/node/-/node-11.9.4.tgz#ceb0048a546db453f6248f2d1d95e937a6f00a14"
  integrity sha512-Zl8dGvAcEmadgs1tmSPcvwzO1YRsz38bVJQvH1RvRqSR9/5n61Q1ktcDL0ht3FXWR+ZpVmXVwN1LuH4Ax23NsA==

ast-types@0.12.2:
  version "0.12.2"
  resolved "https://registry.yarnpkg.com/ast-types/-/ast-types-0.12.2.tgz#341656049ee328ac03fc805c156b49ebab1e4462"
  integrity sha512-8c83xDLJM/dLDyXNLiR6afRRm4dPKN6KAnKqytRK3DBJul9lA+atxdQkNDkSVPdTqea5HiRq3lnnOIZ0MBpvdg==

babylon@7.0.0-beta.47:
  version "7.0.0-beta.47"
  resolved "https://registry.yarnpkg.com/babylon/-/babylon-7.0.0-beta.47.tgz#6d1fa44f0abec41ab7c780481e62fd9aafbdea80"
  integrity sha512-+rq2cr4GDhtToEzKFD6KZZMDBXhjFAr9JjPw9pAppZACeEWqNM294j+NdBzkSHYXwzzBmVjZ3nEVJlOhbR2gOQ==

esprima@~4.0.0:
  version "4.0.1"
  resolved "https://registry.yarnpkg.com/esprima/-/esprima-4.0.1.tgz#13b04cdb3e6c5d19df91ab6987a8695619b0aa71"
  integrity sha512-eGuFFw7Upda+g4p+QHvnW0RyTX/SVeJBDM/gCtMARO0cLuT2HcEKnTPvhjV6aGeqrCB/sbNop0Kszm0jsaWU4A==

lodash-es@^4.17.10:
  version "4.17.11"
  resolved "https://registry.yarnpkg.com/lodash-es/-/lodash-es-4.17.11.tgz#145ab4a7ac5c5e52a3531fb4f310255a152b4be0"
  integrity sha512-DHb1ub+rMjjrxqlB3H56/6MXtm1lSksDp2rA2cNWjG8mlDUYFhUj3Di2Zn5IwSU87xLv8tNIQ7sSwE/YOX/D/Q==

lodash@^4.17.10:
  version "4.17.11"
  resolved "https://registry.yarnpkg.com/lodash/-/lodash-4.17.11.tgz#b39ea6229ef607ecd89e2c8df12536891cac9b8d"
  integrity sha512-cQKh8igo5QUhZ7lg38DYWAxMvjSAKG0A8wGSVimP07SIUEK2UO+arSRKbRZWtelMtN5V0Hkwh5ryOto/SshYIg==

marked@0.6.0:
  version "0.6.0"
  resolved "https://registry.yarnpkg.com/marked/-/marked-0.6.0.tgz#a18d01cfdcf8d15c3c455b71c8329e5e0f01faa1"
  integrity sha512-HduzIW2xApSXKXJSpCipSxKyvMbwRRa/TwMbepmlZziKdH8548WSoDP4SxzulEKjlo8BE39l+2fwJZuRKOln6g==

private@^0.1.8:
  version "0.1.8"
  resolved "https://registry.yarnpkg.com/private/-/private-0.1.8.tgz#2381edb3689f7a53d653190060fcf822d2f368ff"
  integrity sha512-VvivMrbvd2nKkiG38qjULzlc+4Vx4wm/whI9pQD35YrARNnhxeiRktSOhSukRLFNlzg6Br/cJPet5J/u19r/mg==

recast@0.17.3:
  version "0.17.3"
  resolved "https://registry.yarnpkg.com/recast/-/recast-0.17.3.tgz#f49a9c9a64c59b55f6c93b5a53e3cffd7a13354d"
  integrity sha512-NwQguXPwHqaVb6M7tsY11+8RDoAKHGRdymPGDxHJrsxOlNADQh0b08uz/MgYp1R1wmHuSBK4A4I5Oq+cE1J40g==
  dependencies:
    ast-types "0.12.2"
    esprima "~4.0.0"
    private "^0.1.8"
    source-map "~0.6.1"

source-map@~0.6.1:
  version "0.6.1"
  resolved "https://registry.yarnpkg.com/source-map/-/source-map-0.6.1.tgz#74722af32e9614e9c287a8d0bbde48b5e2f1a263"
  integrity sha512-UjgapumWlbMhkBgzT7Ykc5YXUT46F0iKu8SGXq0bcwP5dz/h0Plj6enJqjz1Zbq2l5WaqYnrVbwWOWMyF3F47g==

tslib@^1.9.3:
  version "1.9.3"
  resolved "https://registry.yarnpkg.com/tslib/-/tslib-1.9.3.tgz#d7e4dd79245d85428c4d7e4822a79917954ca286"
  integrity sha512-4krF8scpejhaOgqzBEcGM7yDIEfi0/8+8zDRZhNZZ2kjmHJ4hv3zCbQWxoJGz1iw5U0Jl0nma13xzHXcncMavQ==

typescript-parser@2.6.1:
  version "2.6.1"
  resolved "https://registry.yarnpkg.com/typescript-parser/-/typescript-parser-2.6.1.tgz#b5f86e3f9d35ad46a346a32068cab61bbd96f803"
  integrity sha512-p4ZC10pu67KO8+WJALsJWhbAq4pRBIcP+ls8Bhl+V8KvzYQDwxw/P5hJhn3rBdLnfS5aGLflfh7WiZpN6yi+5g==
  dependencies:
    lodash "^4.17.10"
    lodash-es "^4.17.10"
    tslib "^1.9.3"
    typescript "^3.0.3"

typescript@^3.0.3:
  version "3.3.3"
  resolved "https://registry.yarnpkg.com/typescript/-/typescript-3.3.3.tgz#f1657fc7daa27e1a8930758ace9ae8da31403221"
  integrity sha512-Y21Xqe54TBVp+VDSNbuDYdGw0BpoR/Q6wo/+35M8PAU0vipahnyduJWirxxdxjsAkS7hue53x2zp8gz7F05u0A==
